// !$*UTF8*$!
{
	archiveVersion = 1;
	classes = {
	};
	objectVersion = 77;
	objects = {

/* Begin PBXContainerItemProxy section */
		D60115FE2F2524D500A71702 /* PBXContainerItemProxy */ = {
			isa = PBXContainerItemProxy;
			containerPortal = D60115E82F2524D300A71702 /* Project object */;
			proxyType = 1;
			remoteGlobalIDString = D60115EF2F2524D300A71702;
			remoteInfo = DungeonCrawler;
		};
		D60116082F2524D500A71702 /* PBXContainerItemProxy */ = {
			isa = PBXContainerItemProxy;
			containerPortal = D60115E82F2524D300A71702 /* Project object */;
			proxyType = 1;
			remoteGlobalIDString = D60115EF2F2524D300A71702;
			remoteInfo = DungeonCrawler;
		};
/* End PBXContainerItemProxy section */

/* Begin PBXFileReference section */
		D60115F02F2524D300A71702 /* DungeonCrawler.app */ = {isa = PBXFileReference; explicitFileType = wrapper.application; includeInIndex = 0; path = DungeonCrawler.app; sourceTree = BUILT_PRODUCTS_DIR; };
		D60115FD2F2524D500A71702 /* DungeonCrawlerTests.xctest */ = {isa = PBXFileReference; explicitFileType = wrapper.cfbundle; includeInIndex = 0; path = DungeonCrawlerTests.xctest; sourceTree = BUILT_PRODUCTS_DIR; };
		D60116072F2524D500A71702 /* DungeonCrawlerUITests.xctest */ = {isa = PBXFileReference; explicitFileType = wrapper.cfbundle; includeInIndex = 0; path = DungeonCrawlerUITests.xctest; sourceTree = BUILT_PRODUCTS_DIR; };
/* End PBXFileReference section */

/* Begin PBXFileSystemSynchronizedRootGroup section */
		D60115F22F2524D300A71702 /* DungeonCrawler */ = {
			isa = PBXFileSystemSynchronizedRootGroup;
			path = DungeonCrawler;
			sourceTree = "<group>";
		};
		D60116002F2524D500A71702 /* DungeonCrawlerTests */ = {
			isa = PBXFileSystemSynchronizedRootGroup;
			path = DungeonCrawlerTests;
			sourceTree = "<group>";
		};
		D601160A2F2524D500A71702 /* DungeonCrawlerUITests */ = {
			isa = PBXFileSystemSynchronizedRootGroup;
			path = DungeonCrawlerUITests;
			sourceTree = "<group>";
		};
/* End PBXFileSystemSynchronizedRootGroup section */

/* Begin PBXFrameworksBuildPhase section */
		D60115ED2F2524D300A71702 /* Frameworks */ = {
			isa = PBXFrameworksBuildPhase;
			buildActionMask = 2147483647;
			files = (
			);
			runOnlyForDeploymentPostprocessing = 0;
		};
		D60115FA2F2524D500A71702 /* Frameworks */ = {
			isa = PBXFrameworksBuildPhase;
			buildActionMask = 2147483647;
			files = (
			);
			runOnlyForDeploymentPostprocessing = 0;
		};
		D60116042F2524D500A71702 /* Frameworks */ = {
			isa = PBXFrameworksBuildPhase;
			buildActionMask = 2147483647;
			files = (
			);
			runOnlyForDeploymentPostprocessing = 0;
		};
/* End PBXFrameworksBuildPhase section */

/* Begin PBXGroup section */
		D60115E72F2524D300A71702 = {
			isa = PBXGroup;
			children = (
				D60115F22F2524D300A71702 /* DungeonCrawler */,
				D60116002F2524D500A71702 /* DungeonCrawlerTests */,
				D601160A2F2524D500A71702 /* DungeonCrawlerUITests */,
				D60115F12F2524D300A71702 /* Products */,
			);
			sourceTree = "<group>";
		};
		D60115F12F2524D300A71702 /* Products */ = {
			isa = PBXGroup;
			children = (
				D60115F02F2524D300A71702 /* DungeonCrawler.app */,
				D60115FD2F2524D500A71702 /* DungeonCrawlerTests.xctest */,
				D60116072F2524D500A71702 /* DungeonCrawlerUITests.xctest */,
			);
			name = Products;
			sourceTree = "<group>";
		};
/* End PBXGroup section */

/* Begin PBXNativeTarget section */
		D60115EF2F2524D300A71702 /* DungeonCrawler */ = {
			isa = PBXNativeTarget;
			buildConfigurationList = D60116112F2524D500A71702 /* Build configuration list for PBXNativeTarget "DungeonCrawler" */;
			buildPhases = (
				D60115EC2F2524D300A71702 /* Sources */,
				D60115ED2F2524D300A71702 /* Frameworks */,
				D60115EE2F2524D300A71702 /* Resources */,
			);
			buildRules = (
			);
			dependencies = (
			);
			fileSystemSynchronizedGroups = (
				D60115F22F2524D300A71702 /* DungeonCrawler */,
			);
			name = DungeonCrawler;
			packageProductDependencies = (
			);
			productName = DungeonCrawler;
			productReference = D60115F02F2524D300A71702 /* DungeonCrawler.app */;
			productType = "com.apple.product-type.application";
		};
		D60115FC2F2524D500A71702 /* DungeonCrawlerTests */ = {
			isa = PBXNativeTarget;
			buildConfigurationList = D60116142F2524D500A71702 /* Build configuration list for PBXNativeTarget "DungeonCrawlerTests" */;
			buildPhases = (
				D60115F92F2524D500A71702 /* Sources */,
				D60115FA2F2524D500A71702 /* Frameworks */,
				D60115FB2F2524D500A71702 /* Resources */,
			);
			buildRules = (
			);
			dependencies = (
				D60115FF2F2524D500A71702 /* PBXTargetDependency */,
			);
			fileSystemSynchronizedGroups = (
				D60116002F2524D500A71702 /* DungeonCrawlerTests */,
			);
			name = DungeonCrawlerTests;
			packageProductDependencies = (
			);
			productName = DungeonCrawlerTests;
			productReference = D60115FD2F2524D500A71702 /* DungeonCrawlerTests.xctest */;
			productType = "com.apple.product-type.bundle.unit-test";
		};
		D60116062F2524D500A71702 /* DungeonCrawlerUITests */ = {
			isa = PBXNativeTarget;
			buildConfigurationList = D60116172F2524D500A71702 /* Build configuration list for PBXNativeTarget "DungeonCrawlerUITests" */;
			buildPhases = (
				D60116032F2524D500A71702 /* Sources */,
				D60116042F2524D500A71702 /* Frameworks */,
				D60116052F2524D500A71702 /* Resources */,
			);
			buildRules = (
			);
			dependencies = (
				D60116092F2524D500A71702 /* PBXTargetDependency */,
			);
			fileSystemSynchronizedGroups = (
				D601160A2F2524D500A71702 /* DungeonCrawlerUITests */,
			);
			name = DungeonCrawlerUITests;
			packageProductDependencies = (
			);
			productName = DungeonCrawlerUITests;
			productReference = D60116072F2524D500A71702 /* DungeonCrawlerUITests.xctest */;
			productType = "com.apple.product-type.bundle.ui-testing";
		};
/* End PBXNativeTarget section */

/* Begin PBXProject section */
		D60115E82F2524D300A71702 /* Project object */ = {
			isa = PBXProject;
			attributes = {
				BuildIndependentTargetsInParallel = 1;
				LastSwiftUpdateCheck = 2620;
				LastUpgradeCheck = 2620;
				TargetAttributes = {
					D60115EF2F2524D300A71702 = {
						CreatedOnToolsVersion = 26.2;
					};
					D60115FC2F2524D500A71702 = {
						CreatedOnToolsVersion = 26.2;
						TestTargetID = D60115EF2F2524D300A71702;
					};
					D60116062F2524D500A71702 = {
						CreatedOnToolsVersion = 26.2;
						TestTargetID = D60115EF2F2524D300A71702;
					};
				};
			};
			buildConfigurationList = D60115EB2F2524D300A71702 /* Build configuration list for PBXProject "DungeonCrawler" */;
			developmentRegion = en;
			hasScannedForEncodings = 0;
			knownRegions = (
				en,
				Base,
			);
			mainGroup = D60115E72F2524D300A71702;
			minimizedProjectReferenceProxies = 1;
			preferredProjectObjectVersion = 77;
			productRefGroup = D60115F12F2524D300A71702 /* Products */;
			projectDirPath = "";
			projectRoot = "";
			targets = (
				D60115EF2F2524D300A71702 /* DungeonCrawler */,
				D60115FC2F2524D500A71702 /* DungeonCrawlerTests */,
				D60116062F2524D500A71702 /* DungeonCrawlerUITests */,
			);
		};
/* End PBXProject section */

/* Begin PBXResourcesBuildPhase section */
		D60115EE2F2524D300A71702 /* Resources */ = {
			isa = PBXResourcesBuildPhase;
			buildActionMask = 2147483647;
			files = (
			);
			runOnlyForDeploymentPostprocessing = 0;
		};
		D60115FB2F2524D500A71702 /* Resources */ = {
			isa = PBXResourcesBuildPhase;
			buildActionMask = 2147483647;
			files = (
			);
			runOnlyForDeploymentPostprocessing = 0;
		};
		D60116052F2524D500A71702 /* Resources */ = {
			isa = PBXResourcesBuildPhase;
			buildActionMask = 2147483647;
			files = (
			);
			runOnlyForDeploymentPostprocessing = 0;
		};
/* End PBXResourcesBuildPhase section */

/* Begin PBXSourcesBuildPhase section */
		D60115EC2F2524D300A71702 /* Sources */ = {
			isa = PBXSourcesBuildPhase;
			buildActionMask = 2147483647;
			files = (
			);
			runOnlyForDeploymentPostprocessing = 0;
		};
		D60115F92F2524D500A71702 /* Sources */ = {
			isa = PBXSourcesBuildPhase;
			buildActionMask = 2147483647;
			files = (
			);
			runOnlyForDeploymentPostprocessing = 0;
		};
		D60116032F2524D500A71702 /* Sources */ = {
			isa = PBXSourcesBuildPhase;
			buildActionMask = 2147483647;
			files = (
			);
			runOnlyForDeploymentPostprocessing = 0;
		};
/* End PBXSourcesBuildPhase section */

/* Begin PBXTargetDependency section */
		D60115FF2F2524D500A71702 /* PBXTargetDependency */ = {
			isa = PBXTargetDependency;
			target = D60115EF2F2524D300A71702 /* DungeonCrawler */;
			targetProxy = D60115FE2F2524D500A71702 /* PBXContainerItemProxy */;
		};
		D60116092F2524D500A71702 /* PBXTargetDependency */ = {
			isa = PBXTargetDependency;
			target = D60115EF2F2524D300A71702 /* DungeonCrawler */;
			targetProxy = D60116082F2524D500A71702 /* PBXContainerItemProxy */;
		};
/* End PBXTargetDependency section */

/* Begin XCBuildConfiguration section */
		D601160F2F2524D500A71702 /* Debug */ = {
			isa = XCBuildConfiguration;
			buildSettings = {
				ALWAYS_SEARCH_USER_PATHS = NO;
				ASSETCATALOG_COMPILER_GENERATE_SWIFT_ASSET_SYMBOL_EXTENSIONS = YES;
				CLANG_ANALYZER_NONNULL = YES;
				CLANG_ANALYZER_NUMBER_OBJECT_CONVERSION = YES_AGGRESSIVE;
				CLANG_CXX_LANGUAGE_STANDARD = "gnu++20";
				CLANG_ENABLE_MODULES = YES;
				CLANG_ENABLE_OBJC_ARC = YES;
				CLANG_ENABLE_OBJC_WEAK = YES;
				CLANG_WARN_BLOCK_CAPTURE_AUTORELEASING = YES;
				CLANG_WARN_BOOL_CONVERSION = YES;
				CLANG_WARN_COMMA = YES;
				CLANG_WARN_CONSTANT_CONVERSION = YES;
				CLANG_WARN_DEPRECATED_OBJC_IMPLEMENTATIONS = YES;
				CLANG_WARN_DIRECT_OBJC_ISA_USAGE = YES_ERROR;
				CLANG_WARN_DOCUMENTATION_COMMENTS = YES;
				CLANG_WARN_EMPTY_BODY = YES;
				CLANG_WARN_ENUM_CONVERSION = YES;
				CLANG_WARN_INFINITE_RECURSION = YES;
				CLANG_WARN_INT_CONVERSION = YES;
				CLANG_WARN_NON_LITERAL_NULL_CONVERSION = YES;
				CLANG_WARN_OBJC_IMPLICIT_RETAIN_SELF = YES;
				CLANG_WARN_OBJC_LITERAL_CONVERSION = YES;
				CLANG_WARN_OBJC_ROOT_CLASS = YES_ERROR;
				CLANG_WARN_QUOTED_INCLUDE_IN_FRAMEWORK_HEADER = YES;
				CLANG_WARN_RANGE_LOOP_ANALYSIS = YES;
				CLANG_WARN_STRICT_PROTOTYPES = YES;
				CLANG_WARN_SUSPICIOUS_MOVE = YES;
				CLANG_WARN_UNGUARDED_AVAILABILITY = YES_AGGRESSIVE;
				CLANG_WARN_UNREACHABLE_CODE = YES;
				CLANG_WARN__DUPLICATE_METHOD_MATCH = YES;
				COPY_PHASE_STRIP = NO;
				DEBUG_INFORMATION_FORMAT = dwarf;
				DEVELOPMENT_TEAM = 588PCRUA35;
				ENABLE_STRICT_OBJC_MSGSEND = YES;
				ENABLE_TESTABILITY = YES;
				ENABLE_USER_SCRIPT_SANDBOXING = YES;
				GCC_C_LANGUAGE_STANDARD = gnu17;
				GCC_DYNAMIC_NO_PIC = NO;
				GCC_NO_COMMON_BLOCKS = YES;
				GCC_OPTIMIZATION_LEVEL = 0;
				GCC_PREPROCESSOR_DEFINITIONS = (
					"DEBUG=1",
					"$(inherited)",
				);
				GCC_WARN_64_TO_32_BIT_CONVERSION = YES;
				GCC_WARN_ABOUT_RETURN_TYPE = YES_ERROR;
				GCC_WARN_UNDECLARED_SELECTOR = YES;
				GCC_WARN_UNINITIALIZED_AUTOS = YES_AGGRESSIVE;
				GCC_WARN_UNUSED_FUNCTION = YES;
				GCC_WARN_UNUSED_VARIABLE = YES;
				LOCALIZATION_PREFERS_STRING_CATALOGS = YES;
				MACOSX_DEPLOYMENT_TARGET = 26.2;
				MTL_ENABLE_DEBUG_INFO = INCLUDE_SOURCE;
				MTL_FAST_MATH = YES;
				ONLY_ACTIVE_ARCH = YES;
				SDKROOT = macosx;
				SWIFT_ACTIVE_COMPILATION_CONDITIONS = "DEBUG $(inherited)";
				SWIFT_OPTIMIZATION_LEVEL = "-Onone";
			};
			name = Debug;
		};
		D60116102F2524D500A71702 /* Release */ = {
			isa = XCBuildConfiguration;
			buildSettings = {
				ALWAYS_SEARCH_USER_PATHS = NO;
				ASSETCATALOG_COMPILER_GENERATE_SWIFT_ASSET_SYMBOL_EXTENSIONS = YES;
				CLANG_ANALYZER_NONNULL = YES;
				CLANG_ANALYZER_NUMBER_OBJECT_CONVERSION = YES_AGGRESSIVE;
				CLANG_CXX_LANGUAGE_STANDARD = "gnu++20";
				CLANG_ENABLE_MODULES = YES;
				CLANG_ENABLE_OBJC_ARC = YES;
				CLANG_ENABLE_OBJC_WEAK = YES;
				CLANG_WARN_BLOCK_CAPTURE_AUTORELEASING = YES;
				CLANG_WARN_BOOL_CONVERSION = YES;
				CLANG_WARN_COMMA = YES;
				CLANG_WARN_CONSTANT_CONVERSION = YES;
				CLANG_WARN_DEPRECATED_OBJC_IMPLEMENTATIONS = YES;
				CLANG_WARN_DIRECT_OBJC_ISA_USAGE = YES_ERROR;
				CLANG_WARN_DOCUMENTATION_COMMENTS = YES;
				CLANG_WARN_EMPTY_BODY = YES;
				CLANG_WARN_ENUM_CONVERSION = YES;
				CLANG_WARN_INFINITE_RECURSION = YES;
				CLANG_WARN_INT_CONVERSION = YES;
				CLANG_WARN_NON_LITERAL_NULL_CONVERSION = YES;
				CLANG_WARN_OBJC_IMPLICIT_RETAIN_SELF = YES;
				CLANG_WARN_OBJC_LITERAL_CONVERSION = YES;
				CLANG_WARN_OBJC_ROOT_CLASS = YES_ERROR;
				CLANG_WARN_QUOTED_INCLUDE_IN_FRAMEWORK_HEADER = YES;
				CLANG_WARN_RANGE_LOOP_ANALYSIS = YES;
				CLANG_WARN_STRICT_PROTOTYPES = YES;
				CLANG_WARN_SUSPICIOUS_MOVE = YES;
				CLANG_WARN_UNGUARDED_AVAILABILITY = YES_AGGRESSIVE;
				CLANG_WARN_UNREACHABLE_CODE = YES;
				CLANG_WARN__DUPLICATE_METHOD_MATCH = YES;
				COPY_PHASE_STRIP = NO;
				DEBUG_INFORMATION_FORMAT = "dwarf-with-dsym";
				DEVELOPMENT_TEAM = 588PCRUA35;
				ENABLE_NS_ASSERTIONS = NO;
				ENABLE_STRICT_OBJC_MSGSEND = YES;
				ENABLE_USER_SCRIPT_SANDBOXING = YES;
				GCC_C_LANGUAGE_STANDARD = gnu17;
				GCC_NO_COMMON_BLOCKS = YES;
				GCC_WARN_64_TO_32_BIT_CONVERSION = YES;
				GCC_WARN_ABOUT_RETURN_TYPE = YES_ERROR;
				GCC_WARN_UNDECLARED_SELECTOR = YES;
				GCC_WARN_UNINITIALIZED_AUTOS = YES_AGGRESSIVE;
				GCC_WARN_UNUSED_FUNCTION = YES;
				GCC_WARN_UNUSED_VARIABLE = YES;
				LOCALIZATION_PREFERS_STRING_CATALOGS = YES;
				MACOSX_DEPLOYMENT_TARGET = 26.2;
				MTL_ENABLE_DEBUG_INFO = NO;
				MTL_FAST_MATH = YES;
				SDKROOT = macosx;
				SWIFT_COMPILATION_MODE = wholemodule;
			};
			name = Release;
		};
		D60116122F2524D500A71702 /* Debug */ = {
			isa = XCBuildConfiguration;
			buildSettings = {
				ASSETCATALOG_COMPILER_APPICON_NAME = AppIcon;
				ASSETCATALOG_COMPILER_GLOBAL_ACCENT_COLOR_NAME = AccentColor;
				CODE_SIGN_STYLE = Automatic;
				COMBINE_HIDPI_IMAGES = YES;
				CURRENT_PROJECT_VERSION = 1;
				DEVELOPMENT_TEAM = 588PCRUA35;
				ENABLE_APP_SANDBOX = YES;
				ENABLE_HARDENED_RUNTIME = YES;
				ENABLE_PREVIEWS = YES;
				ENABLE_USER_SELECTED_FILES = readonly;
				GENERATE_INFOPLIST_FILE = YES;
				INFOPLIST_KEY_NSHumanReadableCopyright = "";
				LD_RUNPATH_SEARCH_PATHS = (
					"$(inherited)",
					"@executable_path/../Frameworks",
				);
				MARKETING_VERSION = 1.0;
				PRODUCT_BUNDLE_IDENTIFIER = com.linwoodTechnologies.DungeonCrawler;
				PRODUCT_NAME = "$(TARGET_NAME)";
				REGISTER_APP_GROUPS = YES;
				STRING_CATALOG_GENERATE_SYMBOLS = YES;
				SWIFT_APPROACHABLE_CONCURRENCY = YES;
				SWIFT_DEFAULT_ACTOR_ISOLATION = MainActor;
				SWIFT_EMIT_LOC_STRINGS = YES;
				SWIFT_UPCOMING_FEATURE_MEMBER_IMPORT_VISIBILITY = YES;
				SWIFT_VERSION = 5.0;
			};
			name = Debug;
		};
		D60116132F2524D500A71702 /* Release */ = {
			isa = XCBuildConfiguration;
			buildSettings = {
				ASSETCATALOG_COMPILER_APPICON_NAME = AppIcon;
				ASSETCATALOG_COMPILER_GLOBAL_ACCENT_COLOR_NAME = AccentColor;
				CODE_SIGN_STYLE = Automatic;
				COMBINE_HIDPI_IMAGES = YES;
				CURRENT_PROJECT_VERSION = 1;
				DEVELOPMENT_TEAM = 588PCRUA35;
				ENABLE_APP_SANDBOX = YES;
				ENABLE_HARDENED_RUNTIME = YES;
				ENABLE_PREVIEWS = YES;
				ENABLE_USER_SELECTED_FILES = readonly;
				GENERATE_INFOPLIST_FILE = YES;
				INFOPLIST_KEY_NSHumanReadableCopyright = "";
				LD_RUNPATH_SEARCH_PATHS = (
					"$(inherited)",
					"@executable_path/../Frameworks",
				);
				MARKETING_VERSION = 1.0;
				PRODUCT_BUNDLE_IDENTIFIER = com.linwoodTechnologies.DungeonCrawler;
				PRODUCT_NAME = "$(TARGET_NAME)";
				REGISTER_APP_GROUPS = YES;
				STRING_CATALOG_GENERATE_SYMBOLS = YES;
				SWIFT_APPROACHABLE_CONCURRENCY = YES;
				SWIFT_DEFAULT_ACTOR_ISOLATION = MainActor;
				SWIFT_EMIT_LOC_STRINGS = YES;
				SWIFT_UPCOMING_FEATURE_MEMBER_IMPORT_VISIBILITY = YES;
				SWIFT_VERSION = 5.0;
			};
			name = Release;
		};
		D60116152F2524D500A71702 /* Debug */ = {
			isa = XCBuildConfiguration;
			buildSettings = {
				BUNDLE_LOADER = "$(TEST_HOST)";
				CODE_SIGN_STYLE = Automatic;
				CURRENT_PROJECT_VERSION = 1;
				DEVELOPMENT_TEAM = 588PCRUA35;
				GENERATE_INFOPLIST_FILE = YES;
				MACOSX_DEPLOYMENT_TARGET = 26.2;
				MARKETING_VERSION = 1.0;
				PRODUCT_BUNDLE_IDENTIFIER = com.linwoodTechnologies.DungeonCrawlerTests;
				PRODUCT_NAME = "$(TARGET_NAME)";
				STRING_CATALOG_GENERATE_SYMBOLS = NO;
				SWIFT_APPROACHABLE_CONCURRENCY = YES;
				SWIFT_EMIT_LOC_STRINGS = NO;
				SWIFT_UPCOMING_FEATURE_MEMBER_IMPORT_VISIBILITY = YES;
				SWIFT_VERSION = 5.0;
				TEST_HOST = "$(BUILT_PRODUCTS_DIR)/DungeonCrawler.app/$(BUNDLE_EXECUTABLE_FOLDER_PATH)/DungeonCrawler";
			};
			name = Debug;
		};
		D60116162F2524D500A71702 /* Release */ = {
			isa = XCBuildConfiguration;
			buildSettings = {
				BUNDLE_LOADER = "$(TEST_HOST)";
				CODE_SIGN_STYLE = Automatic;
				CURRENT_PROJECT_VERSION = 1;
				DEVELOPMENT_TEAM = 588PCRUA35;
				GENERATE_INFOPLIST_FILE = YES;
				MACOSX_DEPLOYMENT_TARGET = 26.2;
				MARKETING_VERSION = 1.0;
				PRODUCT_BUNDLE_IDENTIFIER = com.linwoodTechnologies.DungeonCrawlerTests;
				PRODUCT_NAME = "$(TARGET_NAME)";
				STRING_CATALOG_GENERATE_SYMBOLS = NO;
				SWIFT_APPROACHABLE_CONCURRENCY = YES;
				SWIFT_EMIT_LOC_STRINGS = NO;
				SWIFT_UPCOMING_FEATURE_MEMBER_IMPORT_VISIBILITY = YES;
				SWIFT_VERSION = 5.0;
				TEST_HOST = "$(BUILT_PRODUCTS_DIR)/DungeonCrawler.app/$(BUNDLE_EXECUTABLE_FOLDER_PATH)/DungeonCrawler";
			};
			name = Release;
		};
		D60116182F2524D500A71702 /* Debug */ = {
			isa = XCBuildConfiguration;
			buildSettings = {
				CODE_SIGN_STYLE = Automatic;
				CURRENT_PROJECT_VERSION = 1;
				DEVELOPMENT_TEAM = 588PCRUA35;
				GENERATE_INFOPLIST_FILE = YES;
				MARKETING_VERSION = 1.0;
				PRODUCT_BUNDLE_IDENTIFIER = com.linwoodTechnologies.DungeonCrawlerUITests;
				PRODUCT_NAME = "$(TARGET_NAME)";
				STRING_CATALOG_GENERATE_SYMBOLS = NO;
				SWIFT_APPROACHABLE_CONCURRENCY = YES;
				SWIFT_EMIT_LOC_STRINGS = NO;
				SWIFT_UPCOMING_FEATURE_MEMBER_IMPORT_VISIBILITY = YES;
				SWIFT_VERSION = 5.0;
				TEST_TARGET_NAME = DungeonCrawler;
			};
			name = Debug;
		};
		D60116192F2524D500A71702 /* Release */ = {
			isa = XCBuildConfiguration;
			buildSettings = {
				CODE_SIGN_STYLE = Automatic;
				CURRENT_PROJECT_VERSION = 1;
				DEVELOPMENT_TEAM = 588PCRUA35;
				GENERATE_INFOPLIST_FILE = YES;
				MARKETING_VERSION = 1.0;
				PRODUCT_BUNDLE_IDENTIFIER = com.linwoodTechnologies.DungeonCrawlerUITests;
				PRODUCT_NAME = "$(TARGET_NAME)";
				STRING_CATALOG_GENERATE_SYMBOLS = NO;
				SWIFT_APPROACHABLE_CONCURRENCY = YES;
				SWIFT_EMIT_LOC_STRINGS = NO;
				SWIFT_UPCOMING_FEATURE_MEMBER_IMPORT_VISIBILITY = YES;
				SWIFT_VERSION = 5.0;
				TEST_TARGET_NAME = DungeonCrawler;
			};
			name = Release;
		};
/* End XCBuildConfiguration section */

/* Begin XCConfigurationList section */
		D60115EB2F2524D300A71702 /* Build configuration list for PBXProject "DungeonCrawler" */ = {
			isa = XCConfigurationList;
			buildConfigurations = (
				D601160F2F2524D500A71702 /* Debug */,
				D60116102F2524D500A71702 /* Release */,
			);
			defaultConfigurationIsVisible = 0;
			defaultConfigurationName = Release;
		};
		D60116112F2524D500A71702 /* Build configuration list for PBXNativeTarget "DungeonCrawler" */ = {
			isa = XCConfigurationList;
			buildConfigurations = (
				D60116122F2524D500A71702 /* Debug */,
				D60116132F2524D500A71702 /* Release */,
			);
			defaultConfigurationIsVisible = 0;
			defaultConfigurationName = Release;
		};
		D60116142F2524D500A71702 /* Build configuration list for PBXNativeTarget "DungeonCrawlerTests" */ = {
			isa = XCConfigurationList;
			buildConfigurations = (
				D60116152F2524D500A71702 /* Debug */,
				D60116162F2524D500A71702 /* Release */,
			);
			defaultConfigurationIsVisible = 0;
			defaultConfigurationName = Release;
		};
		D60116172F2524D500A71702 /* Build configuration list for PBXNativeTarget "DungeonCrawlerUITests" */ = {
			isa = XCConfigurationList;
			buildConfigurations = (
				D60116182F2524D500A71702 /* Debug */,
				D60116192F2524D500A71702 /* Release */,
			);
			defaultConfigurationIsVisible = 0;
			defaultConfigurationName = Release;
		};
/* End XCConfigurationList section */
	};
	rootObject = D60115E82F2524D300A71702 /* Project object */;
}
